
Microsoft Visual Studio Solution File, Format Version 12.00
# Visual Studio 15
Project("{FAE04EC0-301F-11D3-BF4B-00C04F79EFBC}") = "Assembly-CSharp-Editor", "Assembly-CSharp-Editor.csproj", "{F2E62985-A558-ECE3-7128-3D4B9056B717}"
EndProject
Project("{FAE04EC0-301F-11D3-BF4B-00C04F79EFBC}") = "Assembly-CSharp", "Assembly-CSharp.csproj", "{F53C6BF3-51F4-6DCF-8EEC-258550C99955}"
EndProject
Global
	GlobalSection(SolutionConfigurationPlatforms) = preSolution
		Debug|Any CPU = Debug|Any CPU
		Release|Any CPU = Release|Any CPU
	EndGlobalSection
	GlobalSection(ProjectConfigurationPlatforms) = postSolution
		{F2E62985-A558-ECE3-7128-3D4B9056B717}.Debug|Any CPU.ActiveCfg = Debug|Any CPU
		{F2E62985-A558-ECE3-7128-3D4B9056B717}.Debug|Any CPU.Build.0 = Debug|Any CPU
		{F2E62985-A558-ECE3-7128-3D4B9056B717}.Release|Any CPU.ActiveCfg = Release|Any CPU
		{F2E62985-A558-ECE3-7128-3D4B9056B717}.Release|Any CPU.Build.0 = Release|Any CPU
		{F53C6BF3-51F4-6DCF-8EEC-258550C99955}.Debug|Any CPU.ActiveCfg = Debug|Any CPU
		{F53C6BF3-51F4-6DCF-8EEC-258550C99955}.Debug|Any CPU.Build.0 = Debug|Any CPU
		{F53C6BF3-51F4-6DCF-8EEC-258550C99955}.Release|Any CPU.ActiveCfg = Release|Any CPU
		{F53C6BF3-51F4-6DCF-8EEC-258550C99955}.Release|Any CPU.Build.0 = Release|Any CPU
	EndGlobalSection
	GlobalSection(SolutionProperties) = preSolution
		HideSolutionNode = FALSE
	EndGlobalSection
EndGlobal
